// !$*UTF8*$!
{
	archiveVersion = 1;
	classes = {
	};
	objectVersion = 55;
	objects = {

/* Begin PBXBuildFile section */
		9B4EBD432860C8B000443900 /* SportsViewModel.swift in Sources */ = {isa = PBXBuildFile; fileRef = 9B4EBD422860C8B000443900 /* SportsViewModel.swift */; };
		9B4EBD452860D22B00443900 /* ImageViewExtensions.swift in Sources */ = {isa = PBXBuildFile; fileRef = 9B4EBD442860D22B00443900 /* ImageViewExtensions.swift */; };
		9B4EBD472860EA5E00443900 /* LeaguesViewController.swift in Sources */ = {isa = PBXBuildFile; fileRef = 9B4EBD462860EA5E00443900 /* LeaguesViewController.swift */; };
		9B4EBD492860EA7C00443900 /* LeaguesStoryboard.storyboard in Resources */ = {isa = PBXBuildFile; fileRef = 9B4EBD482860EA7C00443900 /* LeaguesStoryboard.storyboard */; };
		9B4EBD4C2860EDB000443900 /* LeaguesTableViewCell.swift in Sources */ = {isa = PBXBuildFile; fileRef = 9B4EBD4A2860EDB000443900 /* LeaguesTableViewCell.swift */; };
		9B4EBD4D2860EDB000443900 /* LeaguesTableViewCell.xib in Resources */ = {isa = PBXBuildFile; fileRef = 9B4EBD4B2860EDB000443900 /* LeaguesTableViewCell.xib */; };
		9B4EBD4F2860F75B00443900 /* LeaguesModel.swift in Sources */ = {isa = PBXBuildFile; fileRef = 9B4EBD4E2860F75A00443900 /* LeaguesModel.swift */; };
		9B4EBD512860F76900443900 /* LeaguesViewModel.swift in Sources */ = {isa = PBXBuildFile; fileRef = 9B4EBD502860F76900443900 /* LeaguesViewModel.swift */; };
		9B783CAE285F71D300F9A544 /* AppDelegate.swift in Sources */ = {isa = PBXBuildFile; fileRef = 9B783CAD285F71D300F9A544 /* AppDelegate.swift */; };
		9B783CB0285F71D300F9A544 /* SceneDelegate.swift in Sources */ = {isa = PBXBuildFile; fileRef = 9B783CAF285F71D300F9A544 /* SceneDelegate.swift */; };
		9B783CB5285F71D300F9A544 /* Main.storyboard in Resources */ = {isa = PBXBuildFile; fileRef = 9B783CB3285F71D300F9A544 /* Main.storyboard */; };
		9B783CB8285F71D300F9A544 /* TheSportsApp.xcdatamodeld in Sources */ = {isa = PBXBuildFile; fileRef = 9B783CB6285F71D300F9A544 /* TheSportsApp.xcdatamodeld */; };
		9B783CBA285F71D400F9A544 /* Assets.xcassets in Resources */ = {isa = PBXBuildFile; fileRef = 9B783CB9285F71D400F9A544 /* Assets.xcassets */; };
		9B783CBD285F71D400F9A544 /* LaunchScreen.storyboard in Resources */ = {isa = PBXBuildFile; fileRef = 9B783CBB285F71D400F9A544 /* LaunchScreen.storyboard */; };
		9B783CC7285F7E9400F9A544 /* SportsViewController.swift in Sources */ = {isa = PBXBuildFile; fileRef = 9B783CC6285F7E9400F9A544 /* SportsViewController.swift */; };
		9B783CCA285F80C000F9A544 /* SportsCollectionViewCell.swift in Sources */ = {isa = PBXBuildFile; fileRef = 9B783CC8285F80C000F9A544 /* SportsCollectionViewCell.swift */; };
		9B783CCB285F80C000F9A544 /* SportsCollectionViewCell.xib in Resources */ = {isa = PBXBuildFile; fileRef = 9B783CC9285F80C000F9A544 /* SportsCollectionViewCell.xib */; };
		9B783CCD285F910700F9A544 /* NetworkManager.swift in Sources */ = {isa = PBXBuildFile; fileRef = 9B783CCC285F910700F9A544 /* NetworkManager.swift */; };
		9B783CCF285F927B00F9A544 /* SportsModel.swift in Sources */ = {isa = PBXBuildFile; fileRef = 9B783CCE285F927B00F9A544 /* SportsModel.swift */; };
		9B783CD1285F994A00F9A544 /* Urls.swift in Sources */ = {isa = PBXBuildFile; fileRef = 9B783CD0285F994A00F9A544 /* Urls.swift */; };
		9B783CD3285F9B3900F9A544 /* ApiServices.swift in Sources */ = {isa = PBXBuildFile; fileRef = 9B783CD2285F9B3900F9A544 /* ApiServices.swift */; };
		9B783CD5285F9E6900F9A544 /* JsonDecoder.swift in Sources */ = {isa = PBXBuildFile; fileRef = 9B783CD4285F9E6900F9A544 /* JsonDecoder.swift */; };
		9B8AC28028620A6A00FEC2AD /* LeagueDetailsViewController.swift in Sources */ = {isa = PBXBuildFile; fileRef = 9B8AC27F28620A6A00FEC2AD /* LeagueDetailsViewController.swift */; };
		9B8AC28228620A8B00FEC2AD /* LeagueDetailsStoryBoard.storyboard in Resources */ = {isa = PBXBuildFile; fileRef = 9B8AC28128620A8B00FEC2AD /* LeagueDetailsStoryBoard.storyboard */; };
		9B8AC285286226BA00FEC2AD /* LeagueDetailsTableViewCell.swift in Sources */ = {isa = PBXBuildFile; fileRef = 9B8AC283286226BA00FEC2AD /* LeagueDetailsTableViewCell.swift */; };
		9B8AC286286226BA00FEC2AD /* LeagueDetailsTableViewCell.xib in Resources */ = {isa = PBXBuildFile; fileRef = 9B8AC284286226BA00FEC2AD /* LeagueDetailsTableViewCell.xib */; };
		9B8AC28928622B3100FEC2AD /* UpcomingEventsCollectionViewCell.swift in Sources */ = {isa = PBXBuildFile; fileRef = 9B8AC28728622B3100FEC2AD /* UpcomingEventsCollectionViewCell.swift */; };
		9B8AC28A28622B3100FEC2AD /* UpcomingEventsCollectionViewCell.xib in Resources */ = {isa = PBXBuildFile; fileRef = 9B8AC28828622B3100FEC2AD /* UpcomingEventsCollectionViewCell.xib */; };
		9B8AC29128623F6100FEC2AD /* LatestResultsCollectionViewCell.swift in Sources */ = {isa = PBXBuildFile; fileRef = 9B8AC28F28623F6100FEC2AD /* LatestResultsCollectionViewCell.swift */; };
		9B8AC29228623F6100FEC2AD /* LatestResultsCollectionViewCell.xib in Resources */ = {isa = PBXBuildFile; fileRef = 9B8AC29028623F6100FEC2AD /* LatestResultsCollectionViewCell.xib */; };
		9B8AC29528623F8A00FEC2AD /* TeamsCollectionViewCell.swift in Sources */ = {isa = PBXBuildFile; fileRef = 9B8AC29328623F8A00FEC2AD /* TeamsCollectionViewCell.swift */; };
		9B8AC29628623F8A00FEC2AD /* TeamsCollectionViewCell.xib in Resources */ = {isa = PBXBuildFile; fileRef = 9B8AC29428623F8A00FEC2AD /* TeamsCollectionViewCell.xib */; };
		9B8AC29D286268D900FEC2AD /* TeamsTableViewCell.swift in Sources */ = {isa = PBXBuildFile; fileRef = 9B8AC29B286268D900FEC2AD /* TeamsTableViewCell.swift */; };
		9B8AC29E286268D900FEC2AD /* TeamsTableViewCell.xib in Resources */ = {isa = PBXBuildFile; fileRef = 9B8AC29C286268D900FEC2AD /* TeamsTableViewCell.xib */; };
		9B8AC2A12862711A00FEC2AD /* LatestResultsTableViewCell.swift in Sources */ = {isa = PBXBuildFile; fileRef = 9B8AC29F2862711A00FEC2AD /* LatestResultsTableViewCell.swift */; };
		9B8AC2A22862711A00FEC2AD /* LatestResultsTableViewCell.xib in Resources */ = {isa = PBXBuildFile; fileRef = 9B8AC2A02862711A00FEC2AD /* LatestResultsTableViewCell.xib */; };
/* End PBXBuildFile section */

/* Begin PBXFileReference section */
		9B4EBD422860C8B000443900 /* SportsViewModel.swift */ = {isa = PBXFileReference; lastKnownFileType = sourcecode.swift; path = SportsViewModel.swift; sourceTree = "<group>"; };
		9B4EBD442860D22B00443900 /* ImageViewExtensions.swift */ = {isa = PBXFileReference; lastKnownFileType = sourcecode.swift; path = ImageViewExtensions.swift; sourceTree = "<group>"; };
		9B4EBD462860EA5E00443900 /* LeaguesViewController.swift */ = {isa = PBXFileReference; lastKnownFileType = sourcecode.swift; path = LeaguesViewController.swift; sourceTree = "<group>"; };
		9B4EBD482860EA7C00443900 /* LeaguesStoryboard.storyboard */ = {isa = PBXFileReference; lastKnownFileType = file.storyboard; path = LeaguesStoryboard.storyboard; sourceTree = "<group>"; };
		9B4EBD4A2860EDB000443900 /* LeaguesTableViewCell.swift */ = {isa = PBXFileReference; lastKnownFileType = sourcecode.swift; path = LeaguesTableViewCell.swift; sourceTree = "<group>"; };
		9B4EBD4B2860EDB000443900 /* LeaguesTableViewCell.xib */ = {isa = PBXFileReference; lastKnownFileType = file.xib; path = LeaguesTableViewCell.xib; sourceTree = "<group>"; };
		9B4EBD4E2860F75A00443900 /* LeaguesModel.swift */ = {isa = PBXFileReference; lastKnownFileType = sourcecode.swift; path = LeaguesModel.swift; sourceTree = "<group>"; };
		9B4EBD502860F76900443900 /* LeaguesViewModel.swift */ = {isa = PBXFileReference; lastKnownFileType = sourcecode.swift; path = LeaguesViewModel.swift; sourceTree = "<group>"; };
		9B783CAA285F71D300F9A544 /* TheSportsApp.app */ = {isa = PBXFileReference; explicitFileType = wrapper.application; includeInIndex = 0; path = TheSportsApp.app; sourceTree = BUILT_PRODUCTS_DIR; };
		9B783CAD285F71D300F9A544 /* AppDelegate.swift */ = {isa = PBXFileReference; lastKnownFileType = sourcecode.swift; path = AppDelegate.swift; sourceTree = "<group>"; };
		9B783CAF285F71D300F9A544 /* SceneDelegate.swift */ = {isa = PBXFileReference; lastKnownFileType = sourcecode.swift; path = SceneDelegate.swift; sourceTree = "<group>"; };
		9B783CB4285F71D300F9A544 /* Base */ = {isa = PBXFileReference; lastKnownFileType = file.storyboard; name = Base; path = Base.lproj/Main.storyboard; sourceTree = "<group>"; };
		9B783CB7285F71D300F9A544 /* TheSportsApp.xcdatamodel */ = {isa = PBXFileReference; lastKnownFileType = wrapper.xcdatamodel; path = TheSportsApp.xcdatamodel; sourceTree = "<group>"; };
		9B783CB9285F71D400F9A544 /* Assets.xcassets */ = {isa = PBXFileReference; lastKnownFileType = folder.assetcatalog; path = Assets.xcassets; sourceTree = "<group>"; };
		9B783CBC285F71D400F9A544 /* Base */ = {isa = PBXFileReference; lastKnownFileType = file.storyboard; name = Base; path = Base.lproj/LaunchScreen.storyboard; sourceTree = "<group>"; };
		9B783CBE285F71D400F9A544 /* Info.plist */ = {isa = PBXFileReference; lastKnownFileType = text.plist.xml; path = Info.plist; sourceTree = "<group>"; };
		9B783CC6285F7E9400F9A544 /* SportsViewController.swift */ = {isa = PBXFileReference; lastKnownFileType = sourcecode.swift; path = SportsViewController.swift; sourceTree = "<group>"; };
		9B783CC8285F80C000F9A544 /* SportsCollectionViewCell.swift */ = {isa = PBXFileReference; lastKnownFileType = sourcecode.swift; path = SportsCollectionViewCell.swift; sourceTree = "<group>"; };
		9B783CC9285F80C000F9A544 /* SportsCollectionViewCell.xib */ = {isa = PBXFileReference; lastKnownFileType = file.xib; path = SportsCollectionViewCell.xib; sourceTree = "<group>"; };
		9B783CCC285F910700F9A544 /* NetworkManager.swift */ = {isa = PBXFileReference; lastKnownFileType = sourcecode.swift; path = NetworkManager.swift; sourceTree = "<group>"; };
		9B783CCE285F927B00F9A544 /* SportsModel.swift */ = {isa = PBXFileReference; lastKnownFileType = sourcecode.swift; path = SportsModel.swift; sourceTree = "<group>"; };
		9B783CD0285F994A00F9A544 /* Urls.swift */ = {isa = PBXFileReference; lastKnownFileType = sourcecode.swift; path = Urls.swift; sourceTree = "<group>"; };
		9B783CD2285F9B3900F9A544 /* ApiServices.swift */ = {isa = PBXFileReference; lastKnownFileType = sourcecode.swift; path = ApiServices.swift; sourceTree = "<group>"; };
		9B783CD4285F9E6900F9A544 /* JsonDecoder.swift */ = {isa = PBXFileReference; lastKnownFileType = sourcecode.swift; path = JsonDecoder.swift; sourceTree = "<group>"; };
		9B8AC27F28620A6A00FEC2AD /* LeagueDetailsViewController.swift */ = {isa = PBXFileReference; lastKnownFileType = sourcecode.swift; path = LeagueDetailsViewController.swift; sourceTree = "<group>"; };
		9B8AC28128620A8B00FEC2AD /* LeagueDetailsStoryBoard.storyboard */ = {isa = PBXFileReference; lastKnownFileType = file.storyboard; path = LeagueDetailsStoryBoard.storyboard; sourceTree = "<group>"; };
		9B8AC283286226BA00FEC2AD /* LeagueDetailsTableViewCell.swift */ = {isa = PBXFileReference; lastKnownFileType = sourcecode.swift; path = LeagueDetailsTableViewCell.swift; sourceTree = "<group>"; };
		9B8AC284286226BA00FEC2AD /* LeagueDetailsTableViewCell.xib */ = {isa = PBXFileReference; lastKnownFileType = file.xib; path = LeagueDetailsTableViewCell.xib; sourceTree = "<group>"; };
		9B8AC28728622B3100FEC2AD /* UpcomingEventsCollectionViewCell.swift */ = {isa = PBXFileReference; lastKnownFileType = sourcecode.swift; path = UpcomingEventsCollectionViewCell.swift; sourceTree = "<group>"; };
		9B8AC28828622B3100FEC2AD /* UpcomingEventsCollectionViewCell.xib */ = {isa = PBXFileReference; lastKnownFileType = file.xib; path = UpcomingEventsCollectionViewCell.xib; sourceTree = "<group>"; };
		9B8AC28F28623F6100FEC2AD /* LatestResultsCollectionViewCell.swift */ = {isa = PBXFileReference; lastKnownFileType = sourcecode.swift; path = LatestResultsCollectionViewCell.swift; sourceTree = "<group>"; };
		9B8AC29028623F6100FEC2AD /* LatestResultsCollectionViewCell.xib */ = {isa = PBXFileReference; lastKnownFileType = file.xib; path = LatestResultsCollectionViewCell.xib; sourceTree = "<group>"; };
		9B8AC29328623F8A00FEC2AD /* TeamsCollectionViewCell.swift */ = {isa = PBXFileReference; lastKnownFileType = sourcecode.swift; path = TeamsCollectionViewCell.swift; sourceTree = "<group>"; };
		9B8AC29428623F8A00FEC2AD /* TeamsCollectionViewCell.xib */ = {isa = PBXFileReference; lastKnownFileType = file.xib; path = TeamsCollectionViewCell.xib; sourceTree = "<group>"; };
		9B8AC29B286268D900FEC2AD /* TeamsTableViewCell.swift */ = {isa = PBXFileReference; lastKnownFileType = sourcecode.swift; path = TeamsTableViewCell.swift; sourceTree = "<group>"; };
		9B8AC29C286268D900FEC2AD /* TeamsTableViewCell.xib */ = {isa = PBXFileReference; lastKnownFileType = file.xib; path = TeamsTableViewCell.xib; sourceTree = "<group>"; };
		9B8AC29F2862711A00FEC2AD /* LatestResultsTableViewCell.swift */ = {isa = PBXFileReference; lastKnownFileType = sourcecode.swift; path = LatestResultsTableViewCell.swift; sourceTree = "<group>"; };
		9B8AC2A02862711A00FEC2AD /* LatestResultsTableViewCell.xib */ = {isa = PBXFileReference; lastKnownFileType = file.xib; path = LatestResultsTableViewCell.xib; sourceTree = "<group>"; };
/* End PBXFileReference section */

/* Begin PBXFrameworksBuildPhase section */
		9B783CA7285F71D300F9A544 /* Frameworks */ = {
			isa = PBXFrameworksBuildPhase;
			buildActionMask = 2147483647;
			files = (
			);
			runOnlyForDeploymentPostprocessing = 0;
		};
/* End PBXFrameworksBuildPhase section */

/* Begin PBXGroup section */
		9B783CA1285F71D300F9A544 = {
			isa = PBXGroup;
			children = (
				9B783CAC285F71D300F9A544 /* TheSportsApp */,
				9B783CAB285F71D300F9A544 /* Products */,
			);
			sourceTree = "<group>";
		};
		9B783CAB285F71D300F9A544 /* Products */ = {
			isa = PBXGroup;
			children = (
				9B783CAA285F71D300F9A544 /* TheSportsApp.app */,
			);
			name = Products;
			sourceTree = "<group>";
		};
		9B783CAC285F71D300F9A544 /* TheSportsApp */ = {
			isa = PBXGroup;
			children = (
				9B783CAD285F71D300F9A544 /* AppDelegate.swift */,
				9B783CAF285F71D300F9A544 /* SceneDelegate.swift */,
				9B783CC6285F7E9400F9A544 /* SportsViewController.swift */,
				9B783CB3285F71D300F9A544 /* Main.storyboard */,
				9B783CC8285F80C000F9A544 /* SportsCollectionViewCell.swift */,
				9B783CC9285F80C000F9A544 /* SportsCollectionViewCell.xib */,
				9B783CCE285F927B00F9A544 /* SportsModel.swift */,
				9B4EBD422860C8B000443900 /* SportsViewModel.swift */,
				9B783CB9285F71D400F9A544 /* Assets.xcassets */,
				9B783CBB285F71D400F9A544 /* LaunchScreen.storyboard */,
				9B783CD2285F9B3900F9A544 /* ApiServices.swift */,
				9B783CCC285F910700F9A544 /* NetworkManager.swift */,
				9B783CD0285F994A00F9A544 /* Urls.swift */,
				9B783CD4285F9E6900F9A544 /* JsonDecoder.swift */,
				9B4EBD442860D22B00443900 /* ImageViewExtensions.swift */,
				9B4EBD462860EA5E00443900 /* LeaguesViewController.swift */,
				9B4EBD482860EA7C00443900 /* LeaguesStoryboard.storyboard */,
				9B4EBD4A2860EDB000443900 /* LeaguesTableViewCell.swift */,
				9B4EBD4B2860EDB000443900 /* LeaguesTableViewCell.xib */,
				9B4EBD4E2860F75A00443900 /* LeaguesModel.swift */,
				9B4EBD502860F76900443900 /* LeaguesViewModel.swift */,
				9B783CBE285F71D400F9A544 /* Info.plist */,
				9B783CB6285F71D300F9A544 /* TheSportsApp.xcdatamodeld */,
				9B8AC27F28620A6A00FEC2AD /* LeagueDetailsViewController.swift */,
				9B8AC28128620A8B00FEC2AD /* LeagueDetailsStoryBoard.storyboard */,
				9B8AC283286226BA00FEC2AD /* LeagueDetailsTableViewCell.swift */,
				9B8AC284286226BA00FEC2AD /* LeagueDetailsTableViewCell.xib */,
				9B8AC28728622B3100FEC2AD /* UpcomingEventsCollectionViewCell.swift */,
				9B8AC28828622B3100FEC2AD /* UpcomingEventsCollectionViewCell.xib */,
				9B8AC29F2862711A00FEC2AD /* LatestResultsTableViewCell.swift */,
				9B8AC2A02862711A00FEC2AD /* LatestResultsTableViewCell.xib */,
				9B8AC28F28623F6100FEC2AD /* LatestResultsCollectionViewCell.swift */,
				9B8AC29028623F6100FEC2AD /* LatestResultsCollectionViewCell.xib */,
				9B8AC29B286268D900FEC2AD /* TeamsTableViewCell.swift */,
				9B8AC29C286268D900FEC2AD /* TeamsTableViewCell.xib */,
				9B8AC29328623F8A00FEC2AD /* TeamsCollectionViewCell.swift */,
				9B8AC29428623F8A00FEC2AD /* TeamsCollectionViewCell.xib */,
			);
			path = TheSportsApp;
			sourceTree = "<group>";
		};
/* End PBXGroup section */

/* Begin PBXNativeTarget section */
		9B783CA9285F71D300F9A544 /* TheSportsApp */ = {
			isa = PBXNativeTarget;
			buildConfigurationList = 9B783CC1285F71D400F9A544 /* Build configuration list for PBXNativeTarget "TheSportsApp" */;
			buildPhases = (
				9B783CA6285F71D300F9A544 /* Sources */,
				9B783CA7285F71D300F9A544 /* Frameworks */,
				9B783CA8285F71D300F9A544 /* Resources */,
			);
			buildRules = (
			);
			dependencies = (
			);
			name = TheSportsApp;
			productName = TheSportsApp;
			productReference = 9B783CAA285F71D300F9A544 /* TheSportsApp.app */;
			productType = "com.apple.product-type.application";
		};
/* End PBXNativeTarget section */

/* Begin PBXProject section */
		9B783CA2285F71D300F9A544 /* Project object */ = {
			isa = PBXProject;
			attributes = {
				BuildIndependentTargetsInParallel = 1;
				LastSwiftUpdateCheck = 1340;
				LastUpgradeCheck = 1340;
				TargetAttributes = {
					9B783CA9285F71D300F9A544 = {
						CreatedOnToolsVersion = 13.4.1;
					};
				};
			};
			buildConfigurationList = 9B783CA5285F71D300F9A544 /* Build configuration list for PBXProject "TheSportsApp" */;
			compatibilityVersion = "Xcode 13.0";
			developmentRegion = en;
			hasScannedForEncodings = 0;
			knownRegions = (
				en,
				Base,
			);
			mainGroup = 9B783CA1285F71D300F9A544;
			productRefGroup = 9B783CAB285F71D300F9A544 /* Products */;
			projectDirPath = "";
			projectRoot = "";
			targets = (
				9B783CA9285F71D300F9A544 /* TheSportsApp */,
			);
		};
/* End PBXProject section */

/* Begin PBXResourcesBuildPhase section */
		9B783CA8285F71D300F9A544 /* Resources */ = {
			isa = PBXResourcesBuildPhase;
			buildActionMask = 2147483647;
			files = (
				9B783CBD285F71D400F9A544 /* LaunchScreen.storyboard in Resources */,
				9B4EBD492860EA7C00443900 /* LeaguesStoryboard.storyboard in Resources */,
				9B8AC29628623F8A00FEC2AD /* TeamsCollectionViewCell.xib in Resources */,
				9B783CBA285F71D400F9A544 /* Assets.xcassets in Resources */,
				9B8AC286286226BA00FEC2AD /* LeagueDetailsTableViewCell.xib in Resources */,
				9B783CB5285F71D300F9A544 /* Main.storyboard in Resources */,
				9B4EBD4D2860EDB000443900 /* LeaguesTableViewCell.xib in Resources */,
				9B8AC28A28622B3100FEC2AD /* UpcomingEventsCollectionViewCell.xib in Resources */,
				9B8AC29E286268D900FEC2AD /* TeamsTableViewCell.xib in Resources */,
				9B783CCB285F80C000F9A544 /* SportsCollectionViewCell.xib in Resources */,
				9B8AC2A22862711A00FEC2AD /* LatestResultsTableViewCell.xib in Resources */,
				9B8AC29228623F6100FEC2AD /* LatestResultsCollectionViewCell.xib in Resources */,
				9B8AC28228620A8B00FEC2AD /* LeagueDetailsStoryBoard.storyboard in Resources */,
			);
			runOnlyForDeploymentPostprocessing = 0;
		};
/* End PBXResourcesBuildPhase section */

/* Begin PBXSourcesBuildPhase section */
		9B783CA6285F71D300F9A544 /* Sources */ = {
			isa = PBXSourcesBuildPhase;
			buildActionMask = 2147483647;
			files = (
				9B783CD1285F994A00F9A544 /* Urls.swift in Sources */,
				9B783CD5285F9E6900F9A544 /* JsonDecoder.swift in Sources */,
				9B8AC29128623F6100FEC2AD /* LatestResultsCollectionViewCell.swift in Sources */,
				9B8AC29528623F8A00FEC2AD /* TeamsCollectionViewCell.swift in Sources */,
				9B8AC28028620A6A00FEC2AD /* LeagueDetailsViewController.swift in Sources */,
				9B4EBD452860D22B00443900 /* ImageViewExtensions.swift in Sources */,
				9B4EBD512860F76900443900 /* LeaguesViewModel.swift in Sources */,
				9B783CCF285F927B00F9A544 /* SportsModel.swift in Sources */,
				9B783CCA285F80C000F9A544 /* SportsCollectionViewCell.swift in Sources */,
				9B4EBD4F2860F75B00443900 /* LeaguesModel.swift in Sources */,
				9B4EBD472860EA5E00443900 /* LeaguesViewController.swift in Sources */,
				9B8AC2A12862711A00FEC2AD /* LatestResultsTableViewCell.swift in Sources */,
				9B783CD3285F9B3900F9A544 /* ApiServices.swift in Sources */,
				9B783CAE285F71D300F9A544 /* AppDelegate.swift in Sources */,
				9B783CCD285F910700F9A544 /* NetworkManager.swift in Sources */,
				9B783CC7285F7E9400F9A544 /* SportsViewController.swift in Sources */,
				9B8AC29D286268D900FEC2AD /* TeamsTableViewCell.swift in Sources */,
				9B4EBD4C2860EDB000443900 /* LeaguesTableViewCell.swift in Sources */,
				9B8AC28928622B3100FEC2AD /* UpcomingEventsCollectionViewCell.swift in Sources */,
				9B783CB8285F71D300F9A544 /* TheSportsApp.xcdatamodeld in Sources */,
				9B4EBD432860C8B000443900 /* SportsViewModel.swift in Sources */,
				9B8AC285286226BA00FEC2AD /* LeagueDetailsTableViewCell.swift in Sources */,
				9B783CB0285F71D300F9A544 /* SceneDelegate.swift in Sources */,
			);
			runOnlyForDeploymentPostprocessing = 0;
		};
/* End PBXSourcesBuildPhase section */

/* Begin PBXVariantGroup section */
		9B783CB3285F71D300F9A544 /* Main.storyboard */ = {
			isa = PBXVariantGroup;
			children = (
				9B783CB4285F71D300F9A544 /* Base */,
			);
			name = Main.storyboard;
			sourceTree = "<group>";
		};
		9B783CBB285F71D400F9A544 /* LaunchScreen.storyboard */ = {
			isa = PBXVariantGroup;
			children = (
				9B783CBC285F71D400F9A544 /* Base */,
			);
			name = LaunchScreen.storyboard;
			sourceTree = "<group>";
		};
/* End PBXVariantGroup section */

/* Begin XCBuildConfiguration section */
		9B783CBF285F71D400F9A544 /* Debug */ = {
			isa = XCBuildConfiguration;
			buildSettings = {
				ALWAYS_SEARCH_USER_PATHS = NO;
				CLANG_ANALYZER_NONNULL = YES;
				CLANG_ANALYZER_NUMBER_OBJECT_CONVERSION = YES_AGGRESSIVE;
				CLANG_CXX_LANGUAGE_STANDARD = "gnu++17";
				CLANG_ENABLE_MODULES = YES;
				CLANG_ENABLE_OBJC_ARC = YES;
				CLANG_ENABLE_OBJC_WEAK = YES;
				CLANG_WARN_BLOCK_CAPTURE_AUTORELEASING = YES;
				CLANG_WARN_BOOL_CONVERSION = YES;
				CLANG_WARN_COMMA = YES;
				CLANG_WARN_CONSTANT_CONVERSION = YES;
				CLANG_WARN_DEPRECATED_OBJC_IMPLEMENTATIONS = YES;
				CLANG_WARN_DIRECT_OBJC_ISA_USAGE = YES_ERROR;
				CLANG_WARN_DOCUMENTATION_COMMENTS = YES;
				CLANG_WARN_EMPTY_BODY = YES;
				CLANG_WARN_ENUM_CONVERSION = YES;
				CLANG_WARN_INFINITE_RECURSION = YES;
				CLANG_WARN_INT_CONVERSION = YES;
				CLANG_WARN_NON_LITERAL_NULL_CONVERSION = YES;
				CLANG_WARN_OBJC_IMPLICIT_RETAIN_SELF = YES;
				CLANG_WARN_OBJC_LITERAL_CONVERSION = YES;
				CLANG_WARN_OBJC_ROOT_CLASS = YES_ERROR;
				CLANG_WARN_QUOTED_INCLUDE_IN_FRAMEWORK_HEADER = YES;
				CLANG_WARN_RANGE_LOOP_ANALYSIS = YES;
				CLANG_WARN_STRICT_PROTOTYPES = YES;
				CLANG_WARN_SUSPICIOUS_MOVE = YES;
				CLANG_WARN_UNGUARDED_AVAILABILITY = YES_AGGRESSIVE;
				CLANG_WARN_UNREACHABLE_CODE = YES;
				CLANG_WARN__DUPLICATE_METHOD_MATCH = YES;
				COPY_PHASE_STRIP = NO;
				DEBUG_INFORMATION_FORMAT = dwarf;
				ENABLE_STRICT_OBJC_MSGSEND = YES;
				ENABLE_TESTABILITY = YES;
				GCC_C_LANGUAGE_STANDARD = gnu11;
				GCC_DYNAMIC_NO_PIC = NO;
				GCC_NO_COMMON_BLOCKS = YES;
				GCC_OPTIMIZATION_LEVEL = 0;
				GCC_PREPROCESSOR_DEFINITIONS = (
					"DEBUG=1",
					"$(inherited)",
				);
				GCC_WARN_64_TO_32_BIT_CONVERSION = YES;
				GCC_WARN_ABOUT_RETURN_TYPE = YES_ERROR;
				GCC_WARN_UNDECLARED_SELECTOR = YES;
				GCC_WARN_UNINITIALIZED_AUTOS = YES_AGGRESSIVE;
				GCC_WARN_UNUSED_FUNCTION = YES;
				GCC_WARN_UNUSED_VARIABLE = YES;
				IPHONEOS_DEPLOYMENT_TARGET = 15.5;
				MTL_ENABLE_DEBUG_INFO = INCLUDE_SOURCE;
				MTL_FAST_MATH = YES;
				ONLY_ACTIVE_ARCH = YES;
				SDKROOT = iphoneos;
				SWIFT_ACTIVE_COMPILATION_CONDITIONS = DEBUG;
				SWIFT_OPTIMIZATION_LEVEL = "-Onone";
			};
			name = Debug;
		};
		9B783CC0285F71D400F9A544 /* Release */ = {
			isa = XCBuildConfiguration;
			buildSettings = {
				ALWAYS_SEARCH_USER_PATHS = NO;
				CLANG_ANALYZER_NONNULL = YES;
				CLANG_ANALYZER_NUMBER_OBJECT_CONVERSION = YES_AGGRESSIVE;
				CLANG_CXX_LANGUAGE_STANDARD = "gnu++17";
				CLANG_ENABLE_MODULES = YES;
				CLANG_ENABLE_OBJC_ARC = YES;
				CLANG_ENABLE_OBJC_WEAK = YES;
				CLANG_WARN_BLOCK_CAPTURE_AUTORELEASING = YES;
				CLANG_WARN_BOOL_CONVERSION = YES;
				CLANG_WARN_COMMA = YES;
				CLANG_WARN_CONSTANT_CONVERSION = YES;
				CLANG_WARN_DEPRECATED_OBJC_IMPLEMENTATIONS = YES;
				CLANG_WARN_DIRECT_OBJC_ISA_USAGE = YES_ERROR;
				CLANG_WARN_DOCUMENTATION_COMMENTS = YES;
				CLANG_WARN_EMPTY_BODY = YES;
				CLANG_WARN_ENUM_CONVERSION = YES;
				CLANG_WARN_INFINITE_RECURSION = YES;
				CLANG_WARN_INT_CONVERSION = YES;
				CLANG_WARN_NON_LITERAL_NULL_CONVERSION = YES;
				CLANG_WARN_OBJC_IMPLICIT_RETAIN_SELF = YES;
				CLANG_WARN_OBJC_LITERAL_CONVERSION = YES;
				CLANG_WARN_OBJC_ROOT_CLASS = YES_ERROR;
				CLANG_WARN_QUOTED_INCLUDE_IN_FRAMEWORK_HEADER = YES;
				CLANG_WARN_RANGE_LOOP_ANALYSIS = YES;
				CLANG_WARN_STRICT_PROTOTYPES = YES;
				CLANG_WARN_SUSPICIOUS_MOVE = YES;
				CLANG_WARN_UNGUARDED_AVAILABILITY = YES_AGGRESSIVE;
				CLANG_WARN_UNREACHABLE_CODE = YES;
				CLANG_WARN__DUPLICATE_METHOD_MATCH = YES;
				COPY_PHASE_STRIP = NO;
				DEBUG_INFORMATION_FORMAT = "dwarf-with-dsym";
				ENABLE_NS_ASSERTIONS = NO;
				ENABLE_STRICT_OBJC_MSGSEND = YES;
				GCC_C_LANGUAGE_STANDARD = gnu11;
				GCC_NO_COMMON_BLOCKS = YES;
				GCC_WARN_64_TO_32_BIT_CONVERSION = YES;
				GCC_WARN_ABOUT_RETURN_TYPE = YES_ERROR;
				GCC_WARN_UNDECLARED_SELECTOR = YES;
				GCC_WARN_UNINITIALIZED_AUTOS = YES_AGGRESSIVE;
				GCC_WARN_UNUSED_FUNCTION = YES;
				GCC_WARN_UNUSED_VARIABLE = YES;
				IPHONEOS_DEPLOYMENT_TARGET = 15.5;
				MTL_ENABLE_DEBUG_INFO = NO;
				MTL_FAST_MATH = YES;
				SDKROOT = iphoneos;
				SWIFT_COMPILATION_MODE = wholemodule;
				SWIFT_OPTIMIZATION_LEVEL = "-O";
				VALIDATE_PRODUCT = YES;
			};
			name = Release;
		};
		9B783CC2285F71D400F9A544 /* Debug */ = {
			isa = XCBuildConfiguration;
			buildSettings = {
				ASSETCATALOG_COMPILER_APPICON_NAME = AppIcon;
				ASSETCATALOG_COMPILER_GLOBAL_ACCENT_COLOR_NAME = AccentColor;
				CODE_SIGN_STYLE = Automatic;
				CURRENT_PROJECT_VERSION = 1;
				GENERATE_INFOPLIST_FILE = YES;
				INFOPLIST_FILE = TheSportsApp/Info.plist;
				INFOPLIST_KEY_UIApplicationSupportsIndirectInputEvents = YES;
				INFOPLIST_KEY_UILaunchStoryboardName = LaunchScreen;
				INFOPLIST_KEY_UIMainStoryboardFile = Main;
				INFOPLIST_KEY_UISupportedInterfaceOrientations_iPad = "UIInterfaceOrientationPortrait UIInterfaceOrientationPortraitUpsideDown UIInterfaceOrientationLandscapeLeft UIInterfaceOrientationLandscapeRight";
				INFOPLIST_KEY_UISupportedInterfaceOrientations_iPhone = "UIInterfaceOrientationPortrait UIInterfaceOrientationLandscapeLeft UIInterfaceOrientationLandscapeRight";
				LD_RUNPATH_SEARCH_PATHS = (
					"$(inherited)",
					"@executable_path/Frameworks",
				);
				MARKETING_VERSION = 1.0;
				PRODUCT_BUNDLE_IDENTIFIER = none.TheSportsApp;
				PRODUCT_NAME = "$(TARGET_NAME)";
				SWIFT_EMIT_LOC_STRINGS = YES;
				SWIFT_VERSION = 5.0;
				TARGETED_DEVICE_FAMILY = "1,2";
			};
			name = Debug;
		};
		9B783CC3285F71D400F9A544 /* Release */ = {
			isa = XCBuildConfiguration;
			buildSettings = {
				ASSETCATALOG_COMPILER_APPICON_NAME = AppIcon;
				ASSETCATALOG_COMPILER_GLOBAL_ACCENT_COLOR_NAME = AccentColor;
				CODE_SIGN_STYLE = Automatic;
				CURRENT_PROJECT_VERSION = 1;
				GENERATE_INFOPLIST_FILE = YES;
				INFOPLIST_FILE = TheSportsApp/Info.plist;
				INFOPLIST_KEY_UIApplicationSupportsIndirectInputEvents = YES;
				INFOPLIST_KEY_UILaunchStoryboardName = LaunchScreen;
				INFOPLIST_KEY_UIMainStoryboardFile = Main;
				INFOPLIST_KEY_UISupportedInterfaceOrientations_iPad = "UIInterfaceOrientationPortrait UIInterfaceOrientationPortraitUpsideDown UIInterfaceOrientationLandscapeLeft UIInterfaceOrientationLandscapeRight";
				INFOPLIST_KEY_UISupportedInterfaceOrientations_iPhone = "UIInterfaceOrientationPortrait UIInterfaceOrientationLandscapeLeft UIInterfaceOrientationLandscapeRight";
				LD_RUNPATH_SEARCH_PATHS = (
					"$(inherited)",
					"@executable_path/Frameworks",
				);
				MARKETING_VERSION = 1.0;
				PRODUCT_BUNDLE_IDENTIFIER = none.TheSportsApp;
				PRODUCT_NAME = "$(TARGET_NAME)";
				SWIFT_EMIT_LOC_STRINGS = YES;
				SWIFT_VERSION = 5.0;
				TARGETED_DEVICE_FAMILY = "1,2";
			};
			name = Release;
		};
/* End XCBuildConfiguration section */

/* Begin XCConfigurationList section */
		9B783CA5285F71D300F9A544 /* Build configuration list for PBXProject "TheSportsApp" */ = {
			isa = XCConfigurationList;
			buildConfigurations = (
				9B783CBF285F71D400F9A544 /* Debug */,
				9B783CC0285F71D400F9A544 /* Release */,
			);
			defaultConfigurationIsVisible = 0;
			defaultConfigurationName = Release;
		};
		9B783CC1285F71D400F9A544 /* Build configuration list for PBXNativeTarget "TheSportsApp" */ = {
			isa = XCConfigurationList;
			buildConfigurations = (
				9B783CC2285F71D400F9A544 /* Debug */,
				9B783CC3285F71D400F9A544 /* Release */,
			);
			defaultConfigurationIsVisible = 0;
			defaultConfigurationName = Release;
		};
/* End XCConfigurationList section */

/* Begin XCVersionGroup section */
		9B783CB6285F71D300F9A544 /* TheSportsApp.xcdatamodeld */ = {
			isa = XCVersionGroup;
			children = (
				9B783CB7285F71D300F9A544 /* TheSportsApp.xcdatamodel */,
			);
			currentVersion = 9B783CB7285F71D300F9A544 /* TheSportsApp.xcdatamodel */;
			path = TheSportsApp.xcdatamodeld;
			sourceTree = "<group>";
			versionGroupType = wrapper.xcdatamodel;
		};
/* End XCVersionGroup section */
	};
	rootObject = 9B783CA2285F71D300F9A544 /* Project object */;
}
